
Microsoft Visual Studio Solution File, Format Version 12.00
# Visual Studio Version 17
VisualStudioVersion = 17.8.34330.188
MinimumVisualStudioVersion = 10.0.40219.1
Project("{FAE04EC0-301F-11D3-BF4B-00C04F79EFBC}") = "ConsolePOOProduto", "ConsolePOOProduto.csproj", "{3B6661DA-F424-4A52-BD7C-D2613EAE595A}"
EndProject
Global
	GlobalSection(SolutionConfigurationPlatforms) = preSolution
		Debug|Any CPU = Debug|Any CPU
		Release|Any CPU = Release|Any CPU
	EndGlobalSection
	GlobalSection(ProjectConfigurationPlatforms) = postSolution
		{3B6661DA-F424-4A52-BD7C-D2613EAE595A}.Debug|Any CPU.ActiveCfg = Debug|Any CPU
		{3B6661DA-F424-4A52-BD7C-D2613EAE595A}.Debug|Any CPU.Build.0 = Debug|Any CPU
		{3B6661DA-F424-4A52-BD7C-D2613EAE595A}.Release|Any CPU.ActiveCfg = Release|Any CPU
		{3B6661DA-F424-4A52-BD7C-D2613EAE595A}.Release|Any CPU.Build.0 = Release|Any CPU
	EndGlobalSection
	GlobalSection(SolutionProperties) = preSolution
		HideSolutionNode = FALSE
	EndGlobalSection
	GlobalSection(ExtensibilityGlobals) = postSolution
		SolutionGuid = {4D8F904B-FAF6-4A0F-92AD-4B161D8E14FF}
	EndGlobalSection
EndGlobal
